
Microsoft Visual Studio Solution File, Format Version 12.00
# Visual Studio Version 17
VisualStudioVersion = 17.14.36310.24
MinimumVisualStudioVersion = 10.0.40219.1
Project("{FAE04EC0-301F-11D3-BF4B-00C04F79EFBC}") = "ParkingApp.API", "ParkingApp.API\ParkingApp.API.csproj", "{50D42920-48A4-432C-8CAB-D2674D5888E4}"
EndProject
Project("{FAE04EC0-301F-11D3-BF4B-00C04F79EFBC}") = "ParkingApp.Data", "ParkingApp.Data\ParkingApp.Data.csproj", "{E2043543-4C36-4813-A3D2-33EC62A942EA}"
EndProject
Project("{FAE04EC0-301F-11D3-BF4B-00C04F79EFBC}") = "ParkingApp.BusinessLogic", "ParkingApp.BusinessLogic\ParkingApp.BusinessLogic.csproj", "{788D57ED-2523-47A2-AD54-D32BBCD5BE50}"
EndProject
Project("{FAE04EC0-301F-11D3-BF4B-00C04F79EFBC}") = "ParkingApp.Utilities", "ParkingApp.Utilities\ParkingApp.Utilities.csproj", "{6DBE391D-28BB-4DCA-A681-951785F18226}"
EndProject
Global
	GlobalSection(SolutionConfigurationPlatforms) = preSolution
		Debug|Any CPU = Debug|Any CPU
		Release|Any CPU = Release|Any CPU
	EndGlobalSection
	GlobalSection(ProjectConfigurationPlatforms) = postSolution
		{50D42920-48A4-432C-8CAB-D2674D5888E4}.Debug|Any CPU.ActiveCfg = Debug|Any CPU
		{50D42920-48A4-432C-8CAB-D2674D5888E4}.Debug|Any CPU.Build.0 = Debug|Any CPU
		{50D42920-48A4-432C-8CAB-D2674D5888E4}.Release|Any CPU.ActiveCfg = Release|Any CPU
		{50D42920-48A4-432C-8CAB-D2674D5888E4}.Release|Any CPU.Build.0 = Release|Any CPU
		{E2043543-4C36-4813-A3D2-33EC62A942EA}.Debug|Any CPU.ActiveCfg = Debug|Any CPU
		{E2043543-4C36-4813-A3D2-33EC62A942EA}.Debug|Any CPU.Build.0 = Debug|Any CPU
		{E2043543-4C36-4813-A3D2-33EC62A942EA}.Release|Any CPU.ActiveCfg = Release|Any CPU
		{E2043543-4C36-4813-A3D2-33EC62A942EA}.Release|Any CPU.Build.0 = Release|Any CPU
		{788D57ED-2523-47A2-AD54-D32BBCD5BE50}.Debug|Any CPU.ActiveCfg = Debug|Any CPU
		{788D57ED-2523-47A2-AD54-D32BBCD5BE50}.Debug|Any CPU.Build.0 = Debug|Any CPU
		{788D57ED-2523-47A2-AD54-D32BBCD5BE50}.Release|Any CPU.ActiveCfg = Release|Any CPU
		{788D57ED-2523-47A2-AD54-D32BBCD5BE50}.Release|Any CPU.Build.0 = Release|Any CPU
		{6DBE391D-28BB-4DCA-A681-951785F18226}.Debug|Any CPU.ActiveCfg = Debug|Any CPU
		{6DBE391D-28BB-4DCA-A681-951785F18226}.Debug|Any CPU.Build.0 = Debug|Any CPU
		{6DBE391D-28BB-4DCA-A681-951785F18226}.Release|Any CPU.ActiveCfg = Release|Any CPU
		{6DBE391D-28BB-4DCA-A681-951785F18226}.Release|Any CPU.Build.0 = Release|Any CPU
	EndGlobalSection
	GlobalSection(SolutionProperties) = preSolution
		HideSolutionNode = FALSE
	EndGlobalSection
	GlobalSection(ExtensibilityGlobals) = postSolution
		SolutionGuid = {13360FFD-0C7A-4611-BF3D-1B2B98296C77}
	EndGlobalSection
EndGlobal
